// !$*UTF8*$!
{
	archiveVersion = 1;
	classes = {
	};
	objectVersion = 55;
	objects = {

/* Begin PBXBuildFile section */
		394271AB2883E581005526DC /* 키로거_5397.swift in Sources */ = {isa = PBXBuildFile; fileRef = 394271AA2883E581005526DC /* 키로거_5397.swift */; };
/* End PBXBuildFile section */

/* Begin PBXCopyFilesBuildPhase section */
		39C980832809BCBF00985A9B /* CopyFiles */ = {
			isa = PBXCopyFilesBuildPhase;
			buildActionMask = 2147483647;
			dstPath = /usr/share/man/man1/;
			dstSubfolderSpec = 0;
			files = (
			);
			runOnlyForDeploymentPostprocessing = 1;
		};
/* End PBXCopyFilesBuildPhase section */

/* Begin PBXFileReference section */
		39060E5A28435214006F5816 /* 카드2_2164.swift */ = {isa = PBXFileReference; lastKnownFileType = sourcecode.swift; path = "카드2_2164.swift"; sourceTree = "<group>"; };
		39060E5C284382C6006F5816 /* 풍선터뜨리기_2346.swift */ = {isa = PBXFileReference; lastKnownFileType = sourcecode.swift; path = "풍선터뜨리기_2346.swift"; sourceTree = "<group>"; };
		393D5B75281D6262006EAE0F /* 큐_10845.swift */ = {isa = PBXFileReference; lastKnownFileType = sourcecode.swift; path = "큐_10845.swift"; sourceTree = "<group>"; };
		393D5B77281D961F006EAE0F /* 요세푸스_1158.swift */ = {isa = PBXFileReference; lastKnownFileType = sourcecode.swift; path = "요세푸스_1158.swift"; sourceTree = "<group>"; };
		393D5B79281DA5F4006EAE0F /* 덱_10866.swift */ = {isa = PBXFileReference; lastKnownFileType = sourcecode.swift; path = "덱_10866.swift"; sourceTree = "<group>"; };
		393D5B7B281E1A16006EAE0F /* 단어뒤집기2_17413.swift */ = {isa = PBXFileReference; lastKnownFileType = sourcecode.swift; path = "단어뒤집기2_17413.swift"; sourceTree = "<group>"; };
		394271A82883E177005526DC /* 포켓몬_1620.swift */ = {isa = PBXFileReference; lastKnownFileType = sourcecode.swift; path = "포켓몬_1620.swift"; sourceTree = "<group>"; };
		394271AA2883E581005526DC /* 키로거_5397.swift */ = {isa = PBXFileReference; lastKnownFileType = sourcecode.swift; path = "키로거_5397.swift"; sourceTree = "<group>"; };
		397E87AC2816354000CF228A /* 스택수열_1874.swift */ = {isa = PBXFileReference; lastKnownFileType = sourcecode.swift; path = "스택수열_1874.swift"; sourceTree = "<group>"; };
		397E87AE281655E500CF228A /* 에디터_1406.swift */ = {isa = PBXFileReference; lastKnownFileType = sourcecode.swift; path = "에디터_1406.swift"; sourceTree = "<group>"; };
		39C980852809BCBF00985A9B /* Terry */ = {isa = PBXFileReference; explicitFileType = "compiled.mach-o.executable"; includeInIndex = 0; path = Terry; sourceTree = BUILT_PRODUCTS_DIR; };
		39C980882809BCBF00985A9B /* 스택_10828.swift */ = {isa = PBXFileReference; lastKnownFileType = sourcecode.swift; path = "스택_10828.swift"; sourceTree = "<group>"; };
		39C9808F280B125D00985A9B /* 괄호_9012.swift */ = {isa = PBXFileReference; lastKnownFileType = sourcecode.swift; path = "괄호_9012.swift"; sourceTree = "<group>"; };
		39C98091280B244D00985A9B /* 단어뒤집기_9093.swift */ = {isa = PBXFileReference; lastKnownFileType = sourcecode.swift; path = "단어뒤집기_9093.swift"; sourceTree = "<group>"; };
		39D6D179287172C300C5793E /* 좋은단어_3986.swift */ = {isa = PBXFileReference; lastKnownFileType = sourcecode.swift; path = "좋은단어_3986.swift"; sourceTree = "<group>"; };
		39EF748B2834A96E008AB4D7 /* 오등큰수_17299.swift */ = {isa = PBXFileReference; lastKnownFileType = sourcecode.swift; path = "오등큰수_17299.swift"; sourceTree = "<group>"; };
		39EF748D2834ABEE008AB4D7 /* 집합_11723.swift */ = {isa = PBXFileReference; lastKnownFileType = sourcecode.swift; path = "집합_11723.swift"; sourceTree = "<group>"; };
		39F03567283B1BC10087591A /* 프린터큐_1966.swift */ = {isa = PBXFileReference; lastKnownFileType = sourcecode.swift; path = "프린터큐_1966.swift"; sourceTree = "<group>"; };
		39FEB377286853F800139C28 /* 회전하는큐_1021.swift */ = {isa = PBXFileReference; lastKnownFileType = sourcecode.swift; path = "회전하는큐_1021.swift"; sourceTree = "<group>"; };
		39FF766D282F7B5C00F2E13D /* 쇠막대기_10799.swift */ = {isa = PBXFileReference; lastKnownFileType = sourcecode.swift; path = "쇠막대기_10799.swift"; sourceTree = "<group>"; };
		39FF766F282F8B5700F2E13D /* 오큰수_17298.swift */ = {isa = PBXFileReference; lastKnownFileType = sourcecode.swift; path = "오큰수_17298.swift"; sourceTree = "<group>"; };
		39FF7671283092D400F2E13D /* 후위표기식2_1935.swift */ = {isa = PBXFileReference; lastKnownFileType = sourcecode.swift; path = "후위표기식2_1935.swift"; sourceTree = "<group>"; };
/* End PBXFileReference section */

/* Begin PBXFrameworksBuildPhase section */
		39C980822809BCBF00985A9B /* Frameworks */ = {
			isa = PBXFrameworksBuildPhase;
			buildActionMask = 2147483647;
			files = (
			);
			runOnlyForDeploymentPostprocessing = 0;
		};
/* End PBXFrameworksBuildPhase section */

/* Begin PBXGroup section */
		39C9807C2809BCBF00985A9B = {
			isa = PBXGroup;
			children = (
				39C980872809BCBF00985A9B /* Terry */,
				39C980862809BCBF00985A9B /* Products */,
			);
			sourceTree = "<group>";
		};
		39C980862809BCBF00985A9B /* Products */ = {
			isa = PBXGroup;
			children = (
				39C980852809BCBF00985A9B /* Terry */,
			);
			name = Products;
			sourceTree = "<group>";
		};
		39C980872809BCBF00985A9B /* Terry */ = {
			isa = PBXGroup;
			children = (
				39C980882809BCBF00985A9B /* 스택_10828.swift */,
				39C9808F280B125D00985A9B /* 괄호_9012.swift */,
				39C98091280B244D00985A9B /* 단어뒤집기_9093.swift */,
				397E87AC2816354000CF228A /* 스택수열_1874.swift */,
				397E87AE281655E500CF228A /* 에디터_1406.swift */,
				393D5B75281D6262006EAE0F /* 큐_10845.swift */,
				393D5B77281D961F006EAE0F /* 요세푸스_1158.swift */,
				393D5B79281DA5F4006EAE0F /* 덱_10866.swift */,
				393D5B7B281E1A16006EAE0F /* 단어뒤집기2_17413.swift */,
				39FF766D282F7B5C00F2E13D /* 쇠막대기_10799.swift */,
				39FF766F282F8B5700F2E13D /* 오큰수_17298.swift */,
				39EF748D2834ABEE008AB4D7 /* 집합_11723.swift */,
				39FF7671283092D400F2E13D /* 후위표기식2_1935.swift */,
				39EF748B2834A96E008AB4D7 /* 오등큰수_17299.swift */,
				39F03567283B1BC10087591A /* 프린터큐_1966.swift */,
				39060E5A28435214006F5816 /* 카드2_2164.swift */,
				39060E5C284382C6006F5816 /* 풍선터뜨리기_2346.swift */,
				39FEB377286853F800139C28 /* 회전하는큐_1021.swift */,
				39D6D179287172C300C5793E /* 좋은단어_3986.swift */,
				394271A82883E177005526DC /* 포켓몬_1620.swift */,
				394271AA2883E581005526DC /* 키로거_5397.swift */,
			);
			path = Terry;
			sourceTree = "<group>";
		};
/* End PBXGroup section */

/* Begin PBXNativeTarget section */
		39C980842809BCBF00985A9B /* Terry */ = {
			isa = PBXNativeTarget;
			buildConfigurationList = 39C9808C2809BCBF00985A9B /* Build configuration list for PBXNativeTarget "Terry" */;
			buildPhases = (
				39C980812809BCBF00985A9B /* Sources */,
				39C980822809BCBF00985A9B /* Frameworks */,
				39C980832809BCBF00985A9B /* CopyFiles */,
			);
			buildRules = (
			);
			dependencies = (
			);
			name = Terry;
			productName = Terry;
			productReference = 39C980852809BCBF00985A9B /* Terry */;
			productType = "com.apple.product-type.tool";
		};
/* End PBXNativeTarget section */

/* Begin PBXProject section */
		39C9807D2809BCBF00985A9B /* Project object */ = {
			isa = PBXProject;
			attributes = {
				BuildIndependentTargetsInParallel = 1;
				LastSwiftUpdateCheck = 1330;
				LastUpgradeCheck = 1330;
				TargetAttributes = {
					39C980842809BCBF00985A9B = {
						CreatedOnToolsVersion = 13.3;
						LastSwiftMigration = 1330;
					};
				};
			};
			buildConfigurationList = 39C980802809BCBF00985A9B /* Build configuration list for PBXProject "Terry" */;
			compatibilityVersion = "Xcode 13.0";
			developmentRegion = en;
			hasScannedForEncodings = 0;
			knownRegions = (
				en,
				Base,
			);
			mainGroup = 39C9807C2809BCBF00985A9B;
			productRefGroup = 39C980862809BCBF00985A9B /* Products */;
			projectDirPath = "";
			projectRoot = "";
			targets = (
				39C980842809BCBF00985A9B /* Terry */,
			);
		};
/* End PBXProject section */

/* Begin PBXSourcesBuildPhase section */
		39C980812809BCBF00985A9B /* Sources */ = {
			isa = PBXSourcesBuildPhase;
			buildActionMask = 2147483647;
			files = (
				394271AB2883E581005526DC /* 키로거_5397.swift in Sources */,
			);
			runOnlyForDeploymentPostprocessing = 0;
		};
/* End PBXSourcesBuildPhase section */

/* Begin XCBuildConfiguration section */
		39C9808A2809BCBF00985A9B /* Debug */ = {
			isa = XCBuildConfiguration;
			buildSettings = {
				ALWAYS_SEARCH_USER_PATHS = NO;
				CLANG_ANALYZER_NONNULL = YES;
				CLANG_ANALYZER_NUMBER_OBJECT_CONVERSION = YES_AGGRESSIVE;
				CLANG_CXX_LANGUAGE_STANDARD = "gnu++17";
				CLANG_ENABLE_MODULES = YES;
				CLANG_ENABLE_OBJC_ARC = YES;
				CLANG_ENABLE_OBJC_WEAK = YES;
				CLANG_WARN_BLOCK_CAPTURE_AUTORELEASING = YES;
				CLANG_WARN_BOOL_CONVERSION = YES;
				CLANG_WARN_COMMA = YES;
				CLANG_WARN_CONSTANT_CONVERSION = YES;
				CLANG_WARN_DEPRECATED_OBJC_IMPLEMENTATIONS = YES;
				CLANG_WARN_DIRECT_OBJC_ISA_USAGE = YES_ERROR;
				CLANG_WARN_DOCUMENTATION_COMMENTS = YES;
				CLANG_WARN_EMPTY_BODY = YES;
				CLANG_WARN_ENUM_CONVERSION = YES;
				CLANG_WARN_INFINITE_RECURSION = YES;
				CLANG_WARN_INT_CONVERSION = YES;
				CLANG_WARN_NON_LITERAL_NULL_CONVERSION = YES;
				CLANG_WARN_OBJC_IMPLICIT_RETAIN_SELF = YES;
				CLANG_WARN_OBJC_LITERAL_CONVERSION = YES;
				CLANG_WARN_OBJC_ROOT_CLASS = YES_ERROR;
				CLANG_WARN_QUOTED_INCLUDE_IN_FRAMEWORK_HEADER = YES;
				CLANG_WARN_RANGE_LOOP_ANALYSIS = YES;
				CLANG_WARN_STRICT_PROTOTYPES = YES;
				CLANG_WARN_SUSPICIOUS_MOVE = YES;
				CLANG_WARN_UNGUARDED_AVAILABILITY = YES_AGGRESSIVE;
				CLANG_WARN_UNREACHABLE_CODE = YES;
				CLANG_WARN__DUPLICATE_METHOD_MATCH = YES;
				COPY_PHASE_STRIP = NO;
				DEBUG_INFORMATION_FORMAT = dwarf;
				ENABLE_STRICT_OBJC_MSGSEND = YES;
				ENABLE_TESTABILITY = YES;
				GCC_C_LANGUAGE_STANDARD = gnu11;
				GCC_DYNAMIC_NO_PIC = NO;
				GCC_NO_COMMON_BLOCKS = YES;
				GCC_OPTIMIZATION_LEVEL = 0;
				GCC_PREPROCESSOR_DEFINITIONS = (
					"DEBUG=1",
					"$(inherited)",
				);
				GCC_WARN_64_TO_32_BIT_CONVERSION = YES;
				GCC_WARN_ABOUT_RETURN_TYPE = YES_ERROR;
				GCC_WARN_UNDECLARED_SELECTOR = YES;
				GCC_WARN_UNINITIALIZED_AUTOS = YES_AGGRESSIVE;
				GCC_WARN_UNUSED_FUNCTION = YES;
				GCC_WARN_UNUSED_VARIABLE = YES;
				MACOSX_DEPLOYMENT_TARGET = 12.1;
				MTL_ENABLE_DEBUG_INFO = INCLUDE_SOURCE;
				MTL_FAST_MATH = YES;
				ONLY_ACTIVE_ARCH = YES;
				SDKROOT = macosx;
				SWIFT_ACTIVE_COMPILATION_CONDITIONS = DEBUG;
				SWIFT_OPTIMIZATION_LEVEL = "-Onone";
			};
			name = Debug;
		};
		39C9808B2809BCBF00985A9B /* Release */ = {
			isa = XCBuildConfiguration;
			buildSettings = {
				ALWAYS_SEARCH_USER_PATHS = NO;
				CLANG_ANALYZER_NONNULL = YES;
				CLANG_ANALYZER_NUMBER_OBJECT_CONVERSION = YES_AGGRESSIVE;
				CLANG_CXX_LANGUAGE_STANDARD = "gnu++17";
				CLANG_ENABLE_MODULES = YES;
				CLANG_ENABLE_OBJC_ARC = YES;
				CLANG_ENABLE_OBJC_WEAK = YES;
				CLANG_WARN_BLOCK_CAPTURE_AUTORELEASING = YES;
				CLANG_WARN_BOOL_CONVERSION = YES;
				CLANG_WARN_COMMA = YES;
				CLANG_WARN_CONSTANT_CONVERSION = YES;
				CLANG_WARN_DEPRECATED_OBJC_IMPLEMENTATIONS = YES;
				CLANG_WARN_DIRECT_OBJC_ISA_USAGE = YES_ERROR;
				CLANG_WARN_DOCUMENTATION_COMMENTS = YES;
				CLANG_WARN_EMPTY_BODY = YES;
				CLANG_WARN_ENUM_CONVERSION = YES;
				CLANG_WARN_INFINITE_RECURSION = YES;
				CLANG_WARN_INT_CONVERSION = YES;
				CLANG_WARN_NON_LITERAL_NULL_CONVERSION = YES;
				CLANG_WARN_OBJC_IMPLICIT_RETAIN_SELF = YES;
				CLANG_WARN_OBJC_LITERAL_CONVERSION = YES;
				CLANG_WARN_OBJC_ROOT_CLASS = YES_ERROR;
				CLANG_WARN_QUOTED_INCLUDE_IN_FRAMEWORK_HEADER = YES;
				CLANG_WARN_RANGE_LOOP_ANALYSIS = YES;
				CLANG_WARN_STRICT_PROTOTYPES = YES;
				CLANG_WARN_SUSPICIOUS_MOVE = YES;
				CLANG_WARN_UNGUARDED_AVAILABILITY = YES_AGGRESSIVE;
				CLANG_WARN_UNREACHABLE_CODE = YES;
				CLANG_WARN__DUPLICATE_METHOD_MATCH = YES;
				COPY_PHASE_STRIP = NO;
				DEBUG_INFORMATION_FORMAT = "dwarf-with-dsym";
				ENABLE_NS_ASSERTIONS = NO;
				ENABLE_STRICT_OBJC_MSGSEND = YES;
				GCC_C_LANGUAGE_STANDARD = gnu11;
				GCC_NO_COMMON_BLOCKS = YES;
				GCC_WARN_64_TO_32_BIT_CONVERSION = YES;
				GCC_WARN_ABOUT_RETURN_TYPE = YES_ERROR;
				GCC_WARN_UNDECLARED_SELECTOR = YES;
				GCC_WARN_UNINITIALIZED_AUTOS = YES_AGGRESSIVE;
				GCC_WARN_UNUSED_FUNCTION = YES;
				GCC_WARN_UNUSED_VARIABLE = YES;
				MACOSX_DEPLOYMENT_TARGET = 12.1;
				MTL_ENABLE_DEBUG_INFO = NO;
				MTL_FAST_MATH = YES;
				SDKROOT = macosx;
				SWIFT_COMPILATION_MODE = wholemodule;
				SWIFT_OPTIMIZATION_LEVEL = "-O";
			};
			name = Release;
		};
		39C9808D2809BCBF00985A9B /* Debug */ = {
			isa = XCBuildConfiguration;
			buildSettings = {
				CLANG_ENABLE_MODULES = YES;
				CODE_SIGN_STYLE = Automatic;
				DEVELOPMENT_TEAM = PQ5FS4VVLR;
				ENABLE_HARDENED_RUNTIME = YES;
				LD_RUNPATH_SEARCH_PATHS = (
					"$(inherited)",
					"@executable_path/../Frameworks",
					"@loader_path/../Frameworks",
				);
				PRODUCT_NAME = "$(TARGET_NAME)";
				SWIFT_OPTIMIZATION_LEVEL = "-Onone";
				SWIFT_VERSION = 5.0;
			};
			name = Debug;
		};
		39C9808E2809BCBF00985A9B /* Release */ = {
			isa = XCBuildConfiguration;
			buildSettings = {
				CLANG_ENABLE_MODULES = YES;
				CODE_SIGN_STYLE = Automatic;
				DEVELOPMENT_TEAM = PQ5FS4VVLR;
				ENABLE_HARDENED_RUNTIME = YES;
				LD_RUNPATH_SEARCH_PATHS = (
					"$(inherited)",
					"@executable_path/../Frameworks",
					"@loader_path/../Frameworks",
				);
				PRODUCT_NAME = "$(TARGET_NAME)";
				SWIFT_VERSION = 5.0;
			};
			name = Release;
		};
/* End XCBuildConfiguration section */

/* Begin XCConfigurationList section */
		39C980802809BCBF00985A9B /* Build configuration list for PBXProject "Terry" */ = {
			isa = XCConfigurationList;
			buildConfigurations = (
				39C9808A2809BCBF00985A9B /* Debug */,
				39C9808B2809BCBF00985A9B /* Release */,
			);
			defaultConfigurationIsVisible = 0;
			defaultConfigurationName = Release;
		};
		39C9808C2809BCBF00985A9B /* Build configuration list for PBXNativeTarget "Terry" */ = {
			isa = XCConfigurationList;
			buildConfigurations = (
				39C9808D2809BCBF00985A9B /* Debug */,
				39C9808E2809BCBF00985A9B /* Release */,
			);
			defaultConfigurationIsVisible = 0;
			defaultConfigurationName = Release;
		};
/* End XCConfigurationList section */
	};
	rootObject = 39C9807D2809BCBF00985A9B /* Project object */;
}
