// !$*UTF8*$!
{
	archiveVersion = 1;
	classes = {
	};
	objectVersion = 55;
	objects = {

/* Begin PBXBuildFile section */
		EEE7132A284361C300CD30CC /* main.swift in Sources */ = {isa = PBXBuildFile; fileRef = EEE71329284361C300CD30CC /* main.swift */; };
/* End PBXBuildFile section */

/* Begin PBXCopyFilesBuildPhase section */
		EEC9C801283487660017048A /* CopyFiles */ = {
			isa = PBXCopyFilesBuildPhase;
			buildActionMask = 2147483647;
			dstPath = /usr/share/man/man1/;
			dstSubfolderSpec = 0;
			files = (
			);
			runOnlyForDeploymentPostprocessing = 1;
		};
/* End PBXCopyFilesBuildPhase section */

/* Begin PBXFileReference section */
		EE0DC0ED2835727600483799 /* 1935후위표기식2.swift */ = {isa = PBXFileReference; lastKnownFileType = sourcecode.swift; path = "1935후위표기식2.swift"; sourceTree = "<group>"; };
		EE4D734F28426FBD00F520DB /* 2164카드2.swift */ = {isa = PBXFileReference; lastKnownFileType = sourcecode.swift; path = "2164카드2.swift"; sourceTree = "<group>"; };
		EEBC83BA2839285D00D13BDB /* 1966프린터큐.swift */ = {isa = PBXFileReference; lastKnownFileType = sourcecode.swift; path = "1966프린터큐.swift"; sourceTree = "<group>"; };
		EEC9C803283487660017048A /* Thina */ = {isa = PBXFileReference; explicitFileType = "compiled.mach-o.executable"; includeInIndex = 0; path = Thina; sourceTree = BUILT_PRODUCTS_DIR; };
		EEC9C80D283487B90017048A /* 17413단어바꾸기2.swift */ = {isa = PBXFileReference; lastKnownFileType = sourcecode.swift; path = "17413단어바꾸기2.swift"; sourceTree = "<group>"; };
		EEC9C80F283487E40017048A /* 17298오큰수.swift */ = {isa = PBXFileReference; lastKnownFileType = sourcecode.swift; path = "17298오큰수.swift"; sourceTree = "<group>"; };
		EEC9C8152834885B0017048A /* 10799쇠막대기.swift */ = {isa = PBXFileReference; lastKnownFileType = sourcecode.swift; path = "10799쇠막대기.swift"; sourceTree = "<group>"; };
		EEC9C817283489480017048A /* 17299오등큰수.swift */ = {isa = PBXFileReference; lastKnownFileType = sourcecode.swift; path = "17299오등큰수.swift"; sourceTree = "<group>"; };
		EEE71329284361C300CD30CC /* main.swift */ = {isa = PBXFileReference; lastKnownFileType = sourcecode.swift; path = main.swift; sourceTree = "<group>"; };
		EEE7132B2843695900CD30CC /* 1158요세푸스.swift */ = {isa = PBXFileReference; lastKnownFileType = sourcecode.swift; path = "1158요세푸스.swift"; sourceTree = "<group>"; };
		EEE7132C2843697600CD30CC /* 10845큐.swift */ = {isa = PBXFileReference; lastKnownFileType = sourcecode.swift; path = "10845큐.swift"; sourceTree = "<group>"; };
		EEE7132D2843699100CD30CC /* 10866덱.swift */ = {isa = PBXFileReference; lastKnownFileType = sourcecode.swift; path = "10866덱.swift"; sourceTree = "<group>"; };
/* End PBXFileReference section */

/* Begin PBXFrameworksBuildPhase section */
		EEC9C800283487660017048A /* Frameworks */ = {
			isa = PBXFrameworksBuildPhase;
			buildActionMask = 2147483647;
			files = (
			);
			runOnlyForDeploymentPostprocessing = 0;
		};
/* End PBXFrameworksBuildPhase section */

/* Begin PBXGroup section */
		EEC9C7FA283487660017048A = {
			isa = PBXGroup;
			children = (
				EEC9C805283487660017048A /* Thina */,
				EEC9C804283487660017048A /* Products */,
			);
			sourceTree = "<group>";
		};
		EEC9C804283487660017048A /* Products */ = {
			isa = PBXGroup;
			children = (
				EEC9C803283487660017048A /* Thina */,
			);
			name = Products;
			sourceTree = "<group>";
		};
		EEC9C805283487660017048A /* Thina */ = {
			isa = PBXGroup;
			children = (
				EEE7132B2843695900CD30CC /* 1158요세푸스.swift */,
				EEE7132C2843697600CD30CC /* 10845큐.swift */,
				EEE7132D2843699100CD30CC /* 10866덱.swift */,
				EEC9C80D283487B90017048A /* 17413단어바꾸기2.swift */,
				EEC9C8152834885B0017048A /* 10799쇠막대기.swift */,
				EEC9C80F283487E40017048A /* 17298오큰수.swift */,
				EEC9C817283489480017048A /* 17299오등큰수.swift */,
				EE0DC0ED2835727600483799 /* 1935후위표기식2.swift */,
				EEBC83BA2839285D00D13BDB /* 1966프린터큐.swift */,
				EE4D734F28426FBD00F520DB /* 2164카드2.swift */,
				EEE71329284361C300CD30CC /* main.swift */,
			);
			path = Thina;
			sourceTree = "<group>";
		};
/* End PBXGroup section */

/* Begin PBXNativeTarget section */
		EEC9C802283487660017048A /* Thina */ = {
			isa = PBXNativeTarget;
			buildConfigurationList = EEC9C80A283487660017048A /* Build configuration list for PBXNativeTarget "Thina" */;
			buildPhases = (
				EEC9C7FF283487660017048A /* Sources */,
				EEC9C800283487660017048A /* Frameworks */,
				EEC9C801283487660017048A /* CopyFiles */,
			);
			buildRules = (
			);
			dependencies = (
			);
			name = Thina;
			productName = Thina;
			productReference = EEC9C803283487660017048A /* Thina */;
			productType = "com.apple.product-type.tool";
		};
/* End PBXNativeTarget section */

/* Begin PBXProject section */
		EEC9C7FB283487660017048A /* Project object */ = {
			isa = PBXProject;
			attributes = {
				BuildIndependentTargetsInParallel = 1;
				LastSwiftUpdateCheck = 1340;
				LastUpgradeCheck = 1340;
				TargetAttributes = {
					EEC9C802283487660017048A = {
						CreatedOnToolsVersion = 13.4;
						LastSwiftMigration = 1340;
					};
				};
			};
			buildConfigurationList = EEC9C7FE283487660017048A /* Build configuration list for PBXProject "Thina" */;
			compatibilityVersion = "Xcode 13.0";
			developmentRegion = en;
			hasScannedForEncodings = 0;
			knownRegions = (
				en,
				Base,
			);
			mainGroup = EEC9C7FA283487660017048A;
			productRefGroup = EEC9C804283487660017048A /* Products */;
			projectDirPath = "";
			projectRoot = "";
			targets = (
				EEC9C802283487660017048A /* Thina */,
			);
		};
/* End PBXProject section */

/* Begin PBXSourcesBuildPhase section */
		EEC9C7FF283487660017048A /* Sources */ = {
			isa = PBXSourcesBuildPhase;
			buildActionMask = 2147483647;
			files = (
				EEE7132A284361C300CD30CC /* main.swift in Sources */,
			);
			runOnlyForDeploymentPostprocessing = 0;
		};
/* End PBXSourcesBuildPhase section */

/* Begin XCBuildConfiguration section */
		EEC9C808283487660017048A /* Debug */ = {
			isa = XCBuildConfiguration;
			buildSettings = {
				ALWAYS_SEARCH_USER_PATHS = NO;
				CLANG_ANALYZER_NONNULL = YES;
				CLANG_ANALYZER_NUMBER_OBJECT_CONVERSION = YES_AGGRESSIVE;
				CLANG_CXX_LANGUAGE_STANDARD = "gnu++17";
				CLANG_ENABLE_MODULES = YES;
				CLANG_ENABLE_OBJC_ARC = YES;
				CLANG_ENABLE_OBJC_WEAK = YES;
				CLANG_WARN_BLOCK_CAPTURE_AUTORELEASING = YES;
				CLANG_WARN_BOOL_CONVERSION = YES;
				CLANG_WARN_COMMA = YES;
				CLANG_WARN_CONSTANT_CONVERSION = YES;
				CLANG_WARN_DEPRECATED_OBJC_IMPLEMENTATIONS = YES;
				CLANG_WARN_DIRECT_OBJC_ISA_USAGE = YES_ERROR;
				CLANG_WARN_DOCUMENTATION_COMMENTS = YES;
				CLANG_WARN_EMPTY_BODY = YES;
				CLANG_WARN_ENUM_CONVERSION = YES;
				CLANG_WARN_INFINITE_RECURSION = YES;
				CLANG_WARN_INT_CONVERSION = YES;
				CLANG_WARN_NON_LITERAL_NULL_CONVERSION = YES;
				CLANG_WARN_OBJC_IMPLICIT_RETAIN_SELF = YES;
				CLANG_WARN_OBJC_LITERAL_CONVERSION = YES;
				CLANG_WARN_OBJC_ROOT_CLASS = YES_ERROR;
				CLANG_WARN_QUOTED_INCLUDE_IN_FRAMEWORK_HEADER = YES;
				CLANG_WARN_RANGE_LOOP_ANALYSIS = YES;
				CLANG_WARN_STRICT_PROTOTYPES = YES;
				CLANG_WARN_SUSPICIOUS_MOVE = YES;
				CLANG_WARN_UNGUARDED_AVAILABILITY = YES_AGGRESSIVE;
				CLANG_WARN_UNREACHABLE_CODE = YES;
				CLANG_WARN__DUPLICATE_METHOD_MATCH = YES;
				COPY_PHASE_STRIP = NO;
				DEBUG_INFORMATION_FORMAT = dwarf;
				ENABLE_STRICT_OBJC_MSGSEND = YES;
				ENABLE_TESTABILITY = YES;
				GCC_C_LANGUAGE_STANDARD = gnu11;
				GCC_DYNAMIC_NO_PIC = NO;
				GCC_NO_COMMON_BLOCKS = YES;
				GCC_OPTIMIZATION_LEVEL = 0;
				GCC_PREPROCESSOR_DEFINITIONS = (
					"DEBUG=1",
					"$(inherited)",
				);
				GCC_WARN_64_TO_32_BIT_CONVERSION = YES;
				GCC_WARN_ABOUT_RETURN_TYPE = YES_ERROR;
				GCC_WARN_UNDECLARED_SELECTOR = YES;
				GCC_WARN_UNINITIALIZED_AUTOS = YES_AGGRESSIVE;
				GCC_WARN_UNUSED_FUNCTION = YES;
				GCC_WARN_UNUSED_VARIABLE = YES;
				MACOSX_DEPLOYMENT_TARGET = 12.3;
				MTL_ENABLE_DEBUG_INFO = INCLUDE_SOURCE;
				MTL_FAST_MATH = YES;
				ONLY_ACTIVE_ARCH = YES;
				SDKROOT = macosx;
				SWIFT_ACTIVE_COMPILATION_CONDITIONS = DEBUG;
				SWIFT_OPTIMIZATION_LEVEL = "-Onone";
			};
			name = Debug;
		};
		EEC9C809283487660017048A /* Release */ = {
			isa = XCBuildConfiguration;
			buildSettings = {
				ALWAYS_SEARCH_USER_PATHS = NO;
				CLANG_ANALYZER_NONNULL = YES;
				CLANG_ANALYZER_NUMBER_OBJECT_CONVERSION = YES_AGGRESSIVE;
				CLANG_CXX_LANGUAGE_STANDARD = "gnu++17";
				CLANG_ENABLE_MODULES = YES;
				CLANG_ENABLE_OBJC_ARC = YES;
				CLANG_ENABLE_OBJC_WEAK = YES;
				CLANG_WARN_BLOCK_CAPTURE_AUTORELEASING = YES;
				CLANG_WARN_BOOL_CONVERSION = YES;
				CLANG_WARN_COMMA = YES;
				CLANG_WARN_CONSTANT_CONVERSION = YES;
				CLANG_WARN_DEPRECATED_OBJC_IMPLEMENTATIONS = YES;
				CLANG_WARN_DIRECT_OBJC_ISA_USAGE = YES_ERROR;
				CLANG_WARN_DOCUMENTATION_COMMENTS = YES;
				CLANG_WARN_EMPTY_BODY = YES;
				CLANG_WARN_ENUM_CONVERSION = YES;
				CLANG_WARN_INFINITE_RECURSION = YES;
				CLANG_WARN_INT_CONVERSION = YES;
				CLANG_WARN_NON_LITERAL_NULL_CONVERSION = YES;
				CLANG_WARN_OBJC_IMPLICIT_RETAIN_SELF = YES;
				CLANG_WARN_OBJC_LITERAL_CONVERSION = YES;
				CLANG_WARN_OBJC_ROOT_CLASS = YES_ERROR;
				CLANG_WARN_QUOTED_INCLUDE_IN_FRAMEWORK_HEADER = YES;
				CLANG_WARN_RANGE_LOOP_ANALYSIS = YES;
				CLANG_WARN_STRICT_PROTOTYPES = YES;
				CLANG_WARN_SUSPICIOUS_MOVE = YES;
				CLANG_WARN_UNGUARDED_AVAILABILITY = YES_AGGRESSIVE;
				CLANG_WARN_UNREACHABLE_CODE = YES;
				CLANG_WARN__DUPLICATE_METHOD_MATCH = YES;
				COPY_PHASE_STRIP = NO;
				DEBUG_INFORMATION_FORMAT = "dwarf-with-dsym";
				ENABLE_NS_ASSERTIONS = NO;
				ENABLE_STRICT_OBJC_MSGSEND = YES;
				GCC_C_LANGUAGE_STANDARD = gnu11;
				GCC_NO_COMMON_BLOCKS = YES;
				GCC_WARN_64_TO_32_BIT_CONVERSION = YES;
				GCC_WARN_ABOUT_RETURN_TYPE = YES_ERROR;
				GCC_WARN_UNDECLARED_SELECTOR = YES;
				GCC_WARN_UNINITIALIZED_AUTOS = YES_AGGRESSIVE;
				GCC_WARN_UNUSED_FUNCTION = YES;
				GCC_WARN_UNUSED_VARIABLE = YES;
				MACOSX_DEPLOYMENT_TARGET = 12.3;
				MTL_ENABLE_DEBUG_INFO = NO;
				MTL_FAST_MATH = YES;
				SDKROOT = macosx;
				SWIFT_COMPILATION_MODE = wholemodule;
				SWIFT_OPTIMIZATION_LEVEL = "-O";
			};
			name = Release;
		};
		EEC9C80B283487660017048A /* Debug */ = {
			isa = XCBuildConfiguration;
			buildSettings = {
				CLANG_ENABLE_MODULES = YES;
				CODE_SIGN_STYLE = Automatic;
				DEVELOPMENT_TEAM = KMT22L7NMB;
				ENABLE_HARDENED_RUNTIME = YES;
				LD_RUNPATH_SEARCH_PATHS = (
					"$(inherited)",
					"@executable_path/../Frameworks",
					"@loader_path/../Frameworks",
				);
				PRODUCT_NAME = "$(TARGET_NAME)";
				SWIFT_OBJC_BRIDGING_HEADER = "Thina/Thina-Bridging-Header.h";
				SWIFT_OPTIMIZATION_LEVEL = "-Onone";
				SWIFT_VERSION = 5.0;
			};
			name = Debug;
		};
		EEC9C80C283487660017048A /* Release */ = {
			isa = XCBuildConfiguration;
			buildSettings = {
				CLANG_ENABLE_MODULES = YES;
				CODE_SIGN_STYLE = Automatic;
				DEVELOPMENT_TEAM = KMT22L7NMB;
				ENABLE_HARDENED_RUNTIME = YES;
				LD_RUNPATH_SEARCH_PATHS = (
					"$(inherited)",
					"@executable_path/../Frameworks",
					"@loader_path/../Frameworks",
				);
				PRODUCT_NAME = "$(TARGET_NAME)";
				SWIFT_OBJC_BRIDGING_HEADER = "Thina/Thina-Bridging-Header.h";
				SWIFT_VERSION = 5.0;
			};
			name = Release;
		};
/* End XCBuildConfiguration section */

/* Begin XCConfigurationList section */
		EEC9C7FE283487660017048A /* Build configuration list for PBXProject "Thina" */ = {
			isa = XCConfigurationList;
			buildConfigurations = (
				EEC9C808283487660017048A /* Debug */,
				EEC9C809283487660017048A /* Release */,
			);
			defaultConfigurationIsVisible = 0;
			defaultConfigurationName = Release;
		};
		EEC9C80A283487660017048A /* Build configuration list for PBXNativeTarget "Thina" */ = {
			isa = XCConfigurationList;
			buildConfigurations = (
				EEC9C80B283487660017048A /* Debug */,
				EEC9C80C283487660017048A /* Release */,
			);
			defaultConfigurationIsVisible = 0;
			defaultConfigurationName = Release;
		};
/* End XCConfigurationList section */
	};
	rootObject = EEC9C7FB283487660017048A /* Project object */;
}
